
Microsoft Visual Studio Solution File, Format Version 12.00
# Visual Studio Version 17
VisualStudioVersion = 17.5.33530.505
MinimumVisualStudioVersion = 10.0.40219.1
Project("{FAE04EC0-301F-11D3-BF4B-00C04F79EFBC}") = "DSFinalProject", "DSFinalProject.csproj", "{25D8A88B-A60D-4A02-8A32-F1F99B77F32A}"
EndProject
Global
	GlobalSection(SolutionConfigurationPlatforms) = preSolution
		Debug|Any CPU = Debug|Any CPU
		Release|Any CPU = Release|Any CPU
	EndGlobalSection
	GlobalSection(ProjectConfigurationPlatforms) = postSolution
		{25D8A88B-A60D-4A02-8A32-F1F99B77F32A}.Debug|Any CPU.ActiveCfg = Debug|Any CPU
		{25D8A88B-A60D-4A02-8A32-F1F99B77F32A}.Debug|Any CPU.Build.0 = Debug|Any CPU
		{25D8A88B-A60D-4A02-8A32-F1F99B77F32A}.Release|Any CPU.ActiveCfg = Release|Any CPU
		{25D8A88B-A60D-4A02-8A32-F1F99B77F32A}.Release|Any CPU.Build.0 = Release|Any CPU
	EndGlobalSection
	GlobalSection(SolutionProperties) = preSolution
		HideSolutionNode = FALSE
	EndGlobalSection
	GlobalSection(ExtensibilityGlobals) = postSolution
		SolutionGuid = {09BBAEA4-2084-42FB-9422-5C3A9DD7DB57}
	EndGlobalSection
EndGlobal
